// !$*UTF8*$!
{
	archiveVersion = 1;
	classes = {
	};
	objectVersion = 51;
	objects = {

/* Begin PBXBuildFile section */
		5D2E3E6AE21EC250363BC8FC /* Pods_TartApp.framework in Frameworks */ = {isa = PBXBuildFile; fileRef = C04141C86009D89F3C695002 /* Pods_TartApp.framework */; };
		C27E73A52FF14E30B003221A /* Pods_TartAppUITests.framework in Frameworks */ = {isa = PBXBuildFile; fileRef = 3A9915E1FDB39BCF85364922 /* Pods_TartAppUITests.framework */; };
		E542C17A23479D9800FB612E /* Painting.m in Sources */ = {isa = PBXBuildFile; fileRef = E542C17923479D9800FB612E /* Painting.m */; };
		E542C17D23479FB800FB612E /* PaintingViewController.m in Sources */ = {isa = PBXBuildFile; fileRef = E542C17C23479FB800FB612E /* PaintingViewController.m */; };
		E542C1802347A6A000FB612E /* HomeViewController.m in Sources */ = {isa = PBXBuildFile; fileRef = E542C17F2347A6A000FB612E /* HomeViewController.m */; };
		E54B4DF9236C7A9A005A45E6 /* Grid.swift in Sources */ = {isa = PBXBuildFile; fileRef = E54B4DF8236C7A9A005A45E6 /* Grid.swift */; };
		E54B4DFB236C7C5E005A45E6 /* ARViewController.swift in Sources */ = {isa = PBXBuildFile; fileRef = E54B4DFA236C7C5E005A45E6 /* ARViewController.swift */; };
		E555C2632345757900672C1E /* CameraViewController.m in Sources */ = {isa = PBXBuildFile; fileRef = E555C25C2345757900672C1E /* CameraViewController.m */; };
		E555C2642345757900672C1E /* UIUtilities.m in Sources */ = {isa = PBXBuildFile; fileRef = E555C25E2345757900672C1E /* UIUtilities.m */; };
		E555C2662345757900672C1E /* UIImage+VisionDetection.m in Sources */ = {isa = PBXBuildFile; fileRef = E555C2622345757900672C1E /* UIImage+VisionDetection.m */; };
		E56B87282344FCC80020A56E /* GoogleService-Info.plist in Resources */ = {isa = PBXBuildFile; fileRef = E56B871F2344FCC80020A56E /* GoogleService-Info.plist */; };
		E586472B234D1E75007B47A9 /* PaintingCell.m in Sources */ = {isa = PBXBuildFile; fileRef = E586472A234D1E74007B47A9 /* PaintingCell.m */; };
		E59681DB2322FF1400FDAED5 /* Main.storyboard in Resources */ = {isa = PBXBuildFile; fileRef = E59681D92322FF1400FDAED5 /* Main.storyboard */; };
		E59681DD2322FF1500FDAED5 /* Assets.xcassets in Resources */ = {isa = PBXBuildFile; fileRef = E59681DC2322FF1500FDAED5 /* Assets.xcassets */; };
		E59681E02322FF1500FDAED5 /* LaunchScreen.storyboard in Resources */ = {isa = PBXBuildFile; fileRef = E59681DE2322FF1500FDAED5 /* LaunchScreen.storyboard */; };
		E59681E32322FF1500FDAED5 /* main.m in Sources */ = {isa = PBXBuildFile; fileRef = E59681E22322FF1500FDAED5 /* main.m */; };
		E59681ED2322FF1500FDAED5 /* TartAppTests.m in Sources */ = {isa = PBXBuildFile; fileRef = E59681EC2322FF1500FDAED5 /* TartAppTests.m */; };
		E59681F82322FF1500FDAED5 /* TartAppUITests.m in Sources */ = {isa = PBXBuildFile; fileRef = E59681F72322FF1500FDAED5 /* TartAppUITests.m */; };
		E5EF8B5523576C7700F3A301 /* AppDelegate.m in Sources */ = {isa = PBXBuildFile; fileRef = E5EF8B5423576C7700F3A301 /* AppDelegate.m */; };
		FD9889450D6AA292EF032023 /* Pods_TartAppTests.framework in Frameworks */ = {isa = PBXBuildFile; fileRef = E65D65C23EE07CF37A2BF437 /* Pods_TartAppTests.framework */; };
/* End PBXBuildFile section */

/* Begin PBXContainerItemProxy section */
		E59681E92322FF1500FDAED5 /* PBXContainerItemProxy */ = {
			isa = PBXContainerItemProxy;
			containerPortal = E59681C82322FF1400FDAED5 /* Project object */;
			proxyType = 1;
			remoteGlobalIDString = E59681CF2322FF1400FDAED5;
			remoteInfo = TartApp;
		};
		E59681F42322FF1500FDAED5 /* PBXContainerItemProxy */ = {
			isa = PBXContainerItemProxy;
			containerPortal = E59681C82322FF1400FDAED5 /* Project object */;
			proxyType = 1;
			remoteGlobalIDString = E59681CF2322FF1400FDAED5;
			remoteInfo = TartApp;
		};
/* End PBXContainerItemProxy section */

/* Begin PBXFileReference section */
		11787CEF9BA3553FAE166740 /* Pods-TartAppTests.release.xcconfig */ = {isa = PBXFileReference; includeInIndex = 1; lastKnownFileType = text.xcconfig; name = "Pods-TartAppTests.release.xcconfig"; path = "Target Support Files/Pods-TartAppTests/Pods-TartAppTests.release.xcconfig"; sourceTree = "<group>"; };
		13FC82D2CB1D63AC23E91563 /* Pods-TartApp.debug.xcconfig */ = {isa = PBXFileReference; includeInIndex = 1; lastKnownFileType = text.xcconfig; name = "Pods-TartApp.debug.xcconfig"; path = "Target Support Files/Pods-TartApp/Pods-TartApp.debug.xcconfig"; sourceTree = "<group>"; };
		3A9915E1FDB39BCF85364922 /* Pods_TartAppUITests.framework */ = {isa = PBXFileReference; explicitFileType = wrapper.framework; includeInIndex = 0; path = Pods_TartAppUITests.framework; sourceTree = BUILT_PRODUCTS_DIR; };
		7D29CA58961D58B417F0D807 /* Pods-TartApp.release.xcconfig */ = {isa = PBXFileReference; includeInIndex = 1; lastKnownFileType = text.xcconfig; name = "Pods-TartApp.release.xcconfig"; path = "Target Support Files/Pods-TartApp/Pods-TartApp.release.xcconfig"; sourceTree = "<group>"; };
		84443030E04D036DA906CB54 /* Pods-TartAppUITests.release.xcconfig */ = {isa = PBXFileReference; includeInIndex = 1; lastKnownFileType = text.xcconfig; name = "Pods-TartAppUITests.release.xcconfig"; path = "Target Support Files/Pods-TartAppUITests/Pods-TartAppUITests.release.xcconfig"; sourceTree = "<group>"; };
		BC3FD83298568A0A26E68B21 /* Pods-TartAppTests.debug.xcconfig */ = {isa = PBXFileReference; includeInIndex = 1; lastKnownFileType = text.xcconfig; name = "Pods-TartAppTests.debug.xcconfig"; path = "Target Support Files/Pods-TartAppTests/Pods-TartAppTests.debug.xcconfig"; sourceTree = "<group>"; };
		C04141C86009D89F3C695002 /* Pods_TartApp.framework */ = {isa = PBXFileReference; explicitFileType = wrapper.framework; includeInIndex = 0; path = Pods_TartApp.framework; sourceTree = BUILT_PRODUCTS_DIR; };
		E4911CBD145C048590CB2CC4 /* Pods-TartAppUITests.debug.xcconfig */ = {isa = PBXFileReference; includeInIndex = 1; lastKnownFileType = text.xcconfig; name = "Pods-TartAppUITests.debug.xcconfig"; path = "Target Support Files/Pods-TartAppUITests/Pods-TartAppUITests.debug.xcconfig"; sourceTree = "<group>"; };
		E52FF1912378E9E200878EB5 /* TartApp.pch */ = {isa = PBXFileReference; lastKnownFileType = sourcecode.c.h; path = TartApp.pch; sourceTree = "<group>"; };
		E542C17823479D9800FB612E /* Painting.h */ = {isa = PBXFileReference; lastKnownFileType = sourcecode.c.h; path = Painting.h; sourceTree = "<group>"; };
		E542C17923479D9800FB612E /* Painting.m */ = {isa = PBXFileReference; lastKnownFileType = sourcecode.c.objc; path = Painting.m; sourceTree = "<group>"; };
		E542C17B23479FB800FB612E /* PaintingViewController.h */ = {isa = PBXFileReference; lastKnownFileType = sourcecode.c.h; path = PaintingViewController.h; sourceTree = "<group>"; };
		E542C17C23479FB800FB612E /* PaintingViewController.m */ = {isa = PBXFileReference; lastKnownFileType = sourcecode.c.objc; path = PaintingViewController.m; sourceTree = "<group>"; };
		E542C17E2347A6A000FB612E /* HomeViewController.h */ = {isa = PBXFileReference; lastKnownFileType = sourcecode.c.h; path = HomeViewController.h; sourceTree = "<group>"; };
		E542C17F2347A6A000FB612E /* HomeViewController.m */ = {isa = PBXFileReference; lastKnownFileType = sourcecode.c.objc; path = HomeViewController.m; sourceTree = "<group>"; };
		E54B4DF7236C7A9A005A45E6 /* TartApp-Bridging-Header.h */ = {isa = PBXFileReference; lastKnownFileType = sourcecode.c.h; path = "TartApp-Bridging-Header.h"; sourceTree = "<group>"; };
		E54B4DF8236C7A9A005A45E6 /* Grid.swift */ = {isa = PBXFileReference; lastKnownFileType = sourcecode.swift; path = Grid.swift; sourceTree = "<group>"; };
		E54B4DFA236C7C5E005A45E6 /* ARViewController.swift */ = {isa = PBXFileReference; lastKnownFileType = sourcecode.swift; path = ARViewController.swift; sourceTree = "<group>"; };
		E555C25C2345757900672C1E /* CameraViewController.m */ = {isa = PBXFileReference; fileEncoding = 4; lastKnownFileType = sourcecode.c.objc; path = CameraViewController.m; sourceTree = "<group>"; };
		E555C25D2345757900672C1E /* CameraViewController.h */ = {isa = PBXFileReference; fileEncoding = 4; lastKnownFileType = sourcecode.c.h; path = CameraViewController.h; sourceTree = "<group>"; };
		E555C25E2345757900672C1E /* UIUtilities.m */ = {isa = PBXFileReference; fileEncoding = 4; lastKnownFileType = sourcecode.c.objc; path = UIUtilities.m; sourceTree = "<group>"; };
		E555C2602345757900672C1E /* UIUtilities.h */ = {isa = PBXFileReference; fileEncoding = 4; lastKnownFileType = sourcecode.c.h; path = UIUtilities.h; sourceTree = "<group>"; };
		E555C2612345757900672C1E /* UIImage+VisionDetection.h */ = {isa = PBXFileReference; fileEncoding = 4; lastKnownFileType = sourcecode.c.h; path = "UIImage+VisionDetection.h"; sourceTree = "<group>"; };
		E555C2622345757900672C1E /* UIImage+VisionDetection.m */ = {isa = PBXFileReference; fileEncoding = 4; lastKnownFileType = sourcecode.c.objc; path = "UIImage+VisionDetection.m"; sourceTree = "<group>"; };
		E56B871F2344FCC80020A56E /* GoogleService-Info.plist */ = {isa = PBXFileReference; fileEncoding = 4; lastKnownFileType = text.plist.xml; name = "GoogleService-Info.plist"; path = "../../../../Downloads/GoogleService-Info.plist"; sourceTree = "<group>"; };
		E5864729234D1E74007B47A9 /* PaintingCell.h */ = {isa = PBXFileReference; lastKnownFileType = sourcecode.c.h; path = PaintingCell.h; sourceTree = "<group>"; };
		E586472A234D1E74007B47A9 /* PaintingCell.m */ = {isa = PBXFileReference; lastKnownFileType = sourcecode.c.objc; path = PaintingCell.m; sourceTree = "<group>"; };
		E59681D02322FF1400FDAED5 /* TartApp.app */ = {isa = PBXFileReference; explicitFileType = wrapper.application; includeInIndex = 0; path = TartApp.app; sourceTree = BUILT_PRODUCTS_DIR; };
		E59681DA2322FF1400FDAED5 /* Base */ = {isa = PBXFileReference; lastKnownFileType = file.storyboard; name = Base; path = Base.lproj/Main.storyboard; sourceTree = "<group>"; };
		E59681DC2322FF1500FDAED5 /* Assets.xcassets */ = {isa = PBXFileReference; lastKnownFileType = folder.assetcatalog; path = Assets.xcassets; sourceTree = "<group>"; };
		E59681DF2322FF1500FDAED5 /* Base */ = {isa = PBXFileReference; lastKnownFileType = file.storyboard; name = Base; path = Base.lproj/LaunchScreen.storyboard; sourceTree = "<group>"; };
		E59681E12322FF1500FDAED5 /* Info.plist */ = {isa = PBXFileReference; lastKnownFileType = text.plist.xml; path = Info.plist; sourceTree = "<group>"; };
		E59681E22322FF1500FDAED5 /* main.m */ = {isa = PBXFileReference; lastKnownFileType = sourcecode.c.objc; path = main.m; sourceTree = "<group>"; };
		E59681E82322FF1500FDAED5 /* TartAppTests.xctest */ = {isa = PBXFileReference; explicitFileType = wrapper.cfbundle; includeInIndex = 0; path = TartAppTests.xctest; sourceTree = BUILT_PRODUCTS_DIR; };
		E59681EC2322FF1500FDAED5 /* TartAppTests.m */ = {isa = PBXFileReference; lastKnownFileType = sourcecode.c.objc; path = TartAppTests.m; sourceTree = "<group>"; };
		E59681EE2322FF1500FDAED5 /* Info.plist */ = {isa = PBXFileReference; lastKnownFileType = text.plist.xml; path = Info.plist; sourceTree = "<group>"; };
		E59681F32322FF1500FDAED5 /* TartAppUITests.xctest */ = {isa = PBXFileReference; explicitFileType = wrapper.cfbundle; includeInIndex = 0; path = TartAppUITests.xctest; sourceTree = BUILT_PRODUCTS_DIR; };
		E59681F72322FF1500FDAED5 /* TartAppUITests.m */ = {isa = PBXFileReference; lastKnownFileType = sourcecode.c.objc; path = TartAppUITests.m; sourceTree = "<group>"; };
		E59681F92322FF1500FDAED5 /* Info.plist */ = {isa = PBXFileReference; lastKnownFileType = text.plist.xml; path = Info.plist; sourceTree = "<group>"; };
		E5EF8B5323576C7700F3A301 /* AppDelegate.h */ = {isa = PBXFileReference; lastKnownFileType = sourcecode.c.h; path = AppDelegate.h; sourceTree = "<group>"; };
		E5EF8B5423576C7700F3A301 /* AppDelegate.m */ = {isa = PBXFileReference; lastKnownFileType = sourcecode.c.objc; path = AppDelegate.m; sourceTree = "<group>"; };
		E65D65C23EE07CF37A2BF437 /* Pods_TartAppTests.framework */ = {isa = PBXFileReference; explicitFileType = wrapper.framework; includeInIndex = 0; path = Pods_TartAppTests.framework; sourceTree = BUILT_PRODUCTS_DIR; };
/* End PBXFileReference section */

/* Begin PBXFrameworksBuildPhase section */
		E59681CD2322FF1400FDAED5 /* Frameworks */ = {
			isa = PBXFrameworksBuildPhase;
			buildActionMask = 2147483647;
			files = (
				5D2E3E6AE21EC250363BC8FC /* Pods_TartApp.framework in Frameworks */,
			);
			runOnlyForDeploymentPostprocessing = 0;
		};
		E59681E52322FF1500FDAED5 /* Frameworks */ = {
			isa = PBXFrameworksBuildPhase;
			buildActionMask = 2147483647;
			files = (
				FD9889450D6AA292EF032023 /* Pods_TartAppTests.framework in Frameworks */,
			);
			runOnlyForDeploymentPostprocessing = 0;
		};
		E59681F02322FF1500FDAED5 /* Frameworks */ = {
			isa = PBXFrameworksBuildPhase;
			buildActionMask = 2147483647;
			files = (
				C27E73A52FF14E30B003221A /* Pods_TartAppUITests.framework in Frameworks */,
			);
			runOnlyForDeploymentPostprocessing = 0;
		};
/* End PBXFrameworksBuildPhase section */

/* Begin PBXGroup section */
		0D9DABBA0D6FDD7296D354D6 /* Pods */ = {
			isa = PBXGroup;
			children = (
				13FC82D2CB1D63AC23E91563 /* Pods-TartApp.debug.xcconfig */,
				7D29CA58961D58B417F0D807 /* Pods-TartApp.release.xcconfig */,
				BC3FD83298568A0A26E68B21 /* Pods-TartAppTests.debug.xcconfig */,
				11787CEF9BA3553FAE166740 /* Pods-TartAppTests.release.xcconfig */,
				E4911CBD145C048590CB2CC4 /* Pods-TartAppUITests.debug.xcconfig */,
				84443030E04D036DA906CB54 /* Pods-TartAppUITests.release.xcconfig */,
			);
			path = Pods;
			sourceTree = "<group>";
		};
		710292E697DE09F2D7EF0278 /* Frameworks */ = {
			isa = PBXGroup;
			children = (
				C04141C86009D89F3C695002 /* Pods_TartApp.framework */,
				E65D65C23EE07CF37A2BF437 /* Pods_TartAppTests.framework */,
				3A9915E1FDB39BCF85364922 /* Pods_TartAppUITests.framework */,
			);
			name = Frameworks;
			sourceTree = "<group>";
		};
		E542C17723479D1300FB612E /* Subclasses */ = {
			isa = PBXGroup;
			children = (
				E555C2602345757900672C1E /* UIUtilities.h */,
				E555C25E2345757900672C1E /* UIUtilities.m */,
				E542C17823479D9800FB612E /* Painting.h */,
				E542C17923479D9800FB612E /* Painting.m */,
			);
			path = Subclasses;
			sourceTree = "<group>";
		};
		E54B4DF02369FBC8005A45E6 /* AR */ = {
			isa = PBXGroup;
			children = (
				E54B4DF8236C7A9A005A45E6 /* Grid.swift */,
				E54B4DF7236C7A9A005A45E6 /* TartApp-Bridging-Header.h */,
				E54B4DFA236C7C5E005A45E6 /* ARViewController.swift */,
			);
			path = AR;
			sourceTree = "<group>";
		};
		E56ED72F2331AF610071D4DD /* ViewControllers */ = {
			isa = PBXGroup;
			children = (
				E555C25D2345757900672C1E /* CameraViewController.h */,
				E555C25C2345757900672C1E /* CameraViewController.m */,
				E542C17B23479FB800FB612E /* PaintingViewController.h */,
				E542C17C23479FB800FB612E /* PaintingViewController.m */,
				E542C17E2347A6A000FB612E /* HomeViewController.h */,
				E542C17F2347A6A000FB612E /* HomeViewController.m */,
			);
			path = ViewControllers;
			sourceTree = "<group>";
		};
		E5864728234D1E49007B47A9 /* Cells */ = {
			isa = PBXGroup;
			children = (
				E5864729234D1E74007B47A9 /* PaintingCell.h */,
				E586472A234D1E74007B47A9 /* PaintingCell.m */,
			);
			path = Cells;
			sourceTree = "<group>";
		};
		E59681C72322FF1400FDAED5 = {
			isa = PBXGroup;
			children = (
				E52FF1912378E9E200878EB5 /* TartApp.pch */,
				E59681D22322FF1400FDAED5 /* TartApp */,
				E59681EB2322FF1500FDAED5 /* TartAppTests */,
				E59681F62322FF1500FDAED5 /* TartAppUITests */,
				E59681D12322FF1400FDAED5 /* Products */,
				0D9DABBA0D6FDD7296D354D6 /* Pods */,
				710292E697DE09F2D7EF0278 /* Frameworks */,
			);
			sourceTree = "<group>";
		};
		E59681D12322FF1400FDAED5 /* Products */ = {
			isa = PBXGroup;
			children = (
				E59681D02322FF1400FDAED5 /* TartApp.app */,
				E59681E82322FF1500FDAED5 /* TartAppTests.xctest */,
				E59681F32322FF1500FDAED5 /* TartAppUITests.xctest */,
			);
			name = Products;
			sourceTree = "<group>";
		};
		E59681D22322FF1400FDAED5 /* TartApp */ = {
			isa = PBXGroup;
			children = (
				E54B4DF02369FBC8005A45E6 /* AR */,
				E5864728234D1E49007B47A9 /* Cells */,
				E542C17723479D1300FB612E /* Subclasses */,
				E56ED72F2331AF610071D4DD /* ViewControllers */,
				E59681D92322FF1400FDAED5 /* Main.storyboard */,
				E59681DC2322FF1500FDAED5 /* Assets.xcassets */,
				E59681DE2322FF1500FDAED5 /* LaunchScreen.storyboard */,
				E59681E12322FF1500FDAED5 /* Info.plist */,
				E56B871F2344FCC80020A56E /* GoogleService-Info.plist */,
				E59681E22322FF1500FDAED5 /* main.m */,
				E555C2612345757900672C1E /* UIImage+VisionDetection.h */,
				E555C2622345757900672C1E /* UIImage+VisionDetection.m */,
				E5EF8B5323576C7700F3A301 /* AppDelegate.h */,
				E5EF8B5423576C7700F3A301 /* AppDelegate.m */,
			);
			path = TartApp;
			sourceTree = "<group>";
		};
		E59681EB2322FF1500FDAED5 /* TartAppTests */ = {
			isa = PBXGroup;
			children = (
				E59681EC2322FF1500FDAED5 /* TartAppTests.m */,
				E59681EE2322FF1500FDAED5 /* Info.plist */,
			);
			path = TartAppTests;
			sourceTree = "<group>";
		};
		E59681F62322FF1500FDAED5 /* TartAppUITests */ = {
			isa = PBXGroup;
			children = (
				E59681F72322FF1500FDAED5 /* TartAppUITests.m */,
				E59681F92322FF1500FDAED5 /* Info.plist */,
			);
			path = TartAppUITests;
			sourceTree = "<group>";
		};
/* End PBXGroup section */

/* Begin PBXNativeTarget section */
		E59681CF2322FF1400FDAED5 /* TartApp */ = {
			isa = PBXNativeTarget;
			buildConfigurationList = E59681FC2322FF1500FDAED5 /* Build configuration list for PBXNativeTarget "TartApp" */;
			buildPhases = (
				355676F464FC9124DDD0D2FD /* [CP] Check Pods Manifest.lock */,
				E59681CC2322FF1400FDAED5 /* Sources */,
				E59681CD2322FF1400FDAED5 /* Frameworks */,
				E59681CE2322FF1400FDAED5 /* Resources */,
				29B832E856E7D37D289FE960 /* [CP] Embed Pods Frameworks */,
				A548DC75BBB50C1ADDDFD732 /* [CP] Copy Pods Resources */,
			);
			buildRules = (
			);
			dependencies = (
			);
			name = TartApp;
			productName = TartApp;
			productReference = E59681D02322FF1400FDAED5 /* TartApp.app */;
			productType = "com.apple.product-type.application";
		};
		E59681E72322FF1500FDAED5 /* TartAppTests */ = {
			isa = PBXNativeTarget;
			buildConfigurationList = E59681FF2322FF1500FDAED5 /* Build configuration list for PBXNativeTarget "TartAppTests" */;
			buildPhases = (
				BAC864FECF5A1E9F72BF65F6 /* [CP] Check Pods Manifest.lock */,
				E59681E42322FF1500FDAED5 /* Sources */,
				E59681E52322FF1500FDAED5 /* Frameworks */,
				E59681E62322FF1500FDAED5 /* Resources */,
			);
			buildRules = (
			);
			dependencies = (
				E59681EA2322FF1500FDAED5 /* PBXTargetDependency */,
			);
			name = TartAppTests;
			productName = TartAppTests;
			productReference = E59681E82322FF1500FDAED5 /* TartAppTests.xctest */;
			productType = "com.apple.product-type.bundle.unit-test";
		};
		E59681F22322FF1500FDAED5 /* TartAppUITests */ = {
			isa = PBXNativeTarget;
			buildConfigurationList = E59682022322FF1500FDAED5 /* Build configuration list for PBXNativeTarget "TartAppUITests" */;
			buildPhases = (
				5229EED5B9D60B74E516B36A /* [CP] Check Pods Manifest.lock */,
				E59681EF2322FF1500FDAED5 /* Sources */,
				E59681F02322FF1500FDAED5 /* Frameworks */,
				E59681F12322FF1500FDAED5 /* Resources */,
			);
			buildRules = (
			);
			dependencies = (
				E59681F52322FF1500FDAED5 /* PBXTargetDependency */,
			);
			name = TartAppUITests;
			productName = TartAppUITests;
			productReference = E59681F32322FF1500FDAED5 /* TartAppUITests.xctest */;
			productType = "com.apple.product-type.bundle.ui-testing";
		};
/* End PBXNativeTarget section */

/* Begin PBXProject section */
		E59681C82322FF1400FDAED5 /* Project object */ = {
			isa = PBXProject;
			attributes = {
				LastUpgradeCheck = 1030;
				ORGANIZATIONNAME = "Jordan Foster";
				TargetAttributes = {
					E59681CF2322FF1400FDAED5 = {
						CreatedOnToolsVersion = 10.3;
						LastSwiftMigration = 1110;
					};
					E59681E72322FF1500FDAED5 = {
						CreatedOnToolsVersion = 10.3;
						TestTargetID = E59681CF2322FF1400FDAED5;
					};
					E59681F22322FF1500FDAED5 = {
						CreatedOnToolsVersion = 10.3;
						TestTargetID = E59681CF2322FF1400FDAED5;
					};
				};
			};
			buildConfigurationList = E59681CB2322FF1400FDAED5 /* Build configuration list for PBXProject "TartApp" */;
			compatibilityVersion = "Xcode 9.3";
			developmentRegion = en;
			hasScannedForEncodings = 0;
			knownRegions = (
				en,
				Base,
			);
			mainGroup = E59681C72322FF1400FDAED5;
			productRefGroup = E59681D12322FF1400FDAED5 /* Products */;
			projectDirPath = "";
			projectRoot = "";
			targets = (
				E59681CF2322FF1400FDAED5 /* TartApp */,
				E59681E72322FF1500FDAED5 /* TartAppTests */,
				E59681F22322FF1500FDAED5 /* TartAppUITests */,
			);
		};
/* End PBXProject section */

/* Begin PBXResourcesBuildPhase section */
		E59681CE2322FF1400FDAED5 /* Resources */ = {
			isa = PBXResourcesBuildPhase;
			buildActionMask = 2147483647;
			files = (
				E59681E02322FF1500FDAED5 /* LaunchScreen.storyboard in Resources */,
				E56B87282344FCC80020A56E /* GoogleService-Info.plist in Resources */,
				E59681DD2322FF1500FDAED5 /* Assets.xcassets in Resources */,
				E59681DB2322FF1400FDAED5 /* Main.storyboard in Resources */,
			);
			runOnlyForDeploymentPostprocessing = 0;
		};
		E59681E62322FF1500FDAED5 /* Resources */ = {
			isa = PBXResourcesBuildPhase;
			buildActionMask = 2147483647;
			files = (
			);
			runOnlyForDeploymentPostprocessing = 0;
		};
		E59681F12322FF1500FDAED5 /* Resources */ = {
			isa = PBXResourcesBuildPhase;
			buildActionMask = 2147483647;
			files = (
			);
			runOnlyForDeploymentPostprocessing = 0;
		};
/* End PBXResourcesBuildPhase section */

/* Begin PBXShellScriptBuildPhase section */
		29B832E856E7D37D289FE960 /* [CP] Embed Pods Frameworks */ = {
			isa = PBXShellScriptBuildPhase;
			buildActionMask = 2147483647;
			files = (
			);
			inputFileListPaths = (
				"${PODS_ROOT}/Target Support Files/Pods-TartApp/Pods-TartApp-frameworks-${CONFIGURATION}-input-files.xcfilelist",
			);
			name = "[CP] Embed Pods Frameworks";
			outputFileListPaths = (
				"${PODS_ROOT}/Target Support Files/Pods-TartApp/Pods-TartApp-frameworks-${CONFIGURATION}-output-files.xcfilelist",
			);
			runOnlyForDeploymentPostprocessing = 0;
			shellPath = /bin/sh;
			shellScript = "\"${PODS_ROOT}/Target Support Files/Pods-TartApp/Pods-TartApp-frameworks.sh\"\n";
			showEnvVarsInLog = 0;
		};
		355676F464FC9124DDD0D2FD /* [CP] Check Pods Manifest.lock */ = {
			isa = PBXShellScriptBuildPhase;
			buildActionMask = 2147483647;
			files = (
			);
			inputFileListPaths = (
			);
			inputPaths = (
				"${PODS_PODFILE_DIR_PATH}/Podfile.lock",
				"${PODS_ROOT}/Manifest.lock",
			);
			name = "[CP] Check Pods Manifest.lock";
			outputFileListPaths = (
			);
			outputPaths = (
				"$(DERIVED_FILE_DIR)/Pods-TartApp-checkManifestLockResult.txt",
			);
			runOnlyForDeploymentPostprocessing = 0;
			shellPath = /bin/sh;
			shellScript = "diff \"${PODS_PODFILE_DIR_PATH}/Podfile.lock\" \"${PODS_ROOT}/Manifest.lock\" > /dev/null\nif [ $? != 0 ] ; then\n    # print error to STDERR\n    echo \"error: The sandbox is not in sync with the Podfile.lock. Run 'pod install' or update your CocoaPods installation.\" >&2\n    exit 1\nfi\n# This output is used by Xcode 'outputs' to avoid re-running this script phase.\necho \"SUCCESS\" > \"${SCRIPT_OUTPUT_FILE_0}\"\n";
			showEnvVarsInLog = 0;
		};
		5229EED5B9D60B74E516B36A /* [CP] Check Pods Manifest.lock */ = {
			isa = PBXShellScriptBuildPhase;
			buildActionMask = 2147483647;
			files = (
			);
			inputFileListPaths = (
			);
			inputPaths = (
				"${PODS_PODFILE_DIR_PATH}/Podfile.lock",
				"${PODS_ROOT}/Manifest.lock",
			);
			name = "[CP] Check Pods Manifest.lock";
			outputFileListPaths = (
			);
			outputPaths = (
				"$(DERIVED_FILE_DIR)/Pods-TartAppUITests-checkManifestLockResult.txt",
			);
			runOnlyForDeploymentPostprocessing = 0;
			shellPath = /bin/sh;
			shellScript = "diff \"${PODS_PODFILE_DIR_PATH}/Podfile.lock\" \"${PODS_ROOT}/Manifest.lock\" > /dev/null\nif [ $? != 0 ] ; then\n    # print error to STDERR\n    echo \"error: The sandbox is not in sync with the Podfile.lock. Run 'pod install' or update your CocoaPods installation.\" >&2\n    exit 1\nfi\n# This output is used by Xcode 'outputs' to avoid re-running this script phase.\necho \"SUCCESS\" > \"${SCRIPT_OUTPUT_FILE_0}\"\n";
			showEnvVarsInLog = 0;
		};
		A548DC75BBB50C1ADDDFD732 /* [CP] Copy Pods Resources */ = {
			isa = PBXShellScriptBuildPhase;
			buildActionMask = 2147483647;
			files = (
			);
			inputFileListPaths = (
				"${PODS_ROOT}/Target Support Files/Pods-TartApp/Pods-TartApp-resources-${CONFIGURATION}-input-files.xcfilelist",
			);
			name = "[CP] Copy Pods Resources";
			outputFileListPaths = (
				"${PODS_ROOT}/Target Support Files/Pods-TartApp/Pods-TartApp-resources-${CONFIGURATION}-output-files.xcfilelist",
			);
			runOnlyForDeploymentPostprocessing = 0;
			shellPath = /bin/sh;
			shellScript = "\"${PODS_ROOT}/Target Support Files/Pods-TartApp/Pods-TartApp-resources.sh\"\n";
			showEnvVarsInLog = 0;
		};
		BAC864FECF5A1E9F72BF65F6 /* [CP] Check Pods Manifest.lock */ = {
			isa = PBXShellScriptBuildPhase;
			buildActionMask = 2147483647;
			files = (
			);
			inputFileListPaths = (
			);
			inputPaths = (
				"${PODS_PODFILE_DIR_PATH}/Podfile.lock",
				"${PODS_ROOT}/Manifest.lock",
			);
			name = "[CP] Check Pods Manifest.lock";
			outputFileListPaths = (
			);
			outputPaths = (
				"$(DERIVED_FILE_DIR)/Pods-TartAppTests-checkManifestLockResult.txt",
			);
			runOnlyForDeploymentPostprocessing = 0;
			shellPath = /bin/sh;
			shellScript = "diff \"${PODS_PODFILE_DIR_PATH}/Podfile.lock\" \"${PODS_ROOT}/Manifest.lock\" > /dev/null\nif [ $? != 0 ] ; then\n    # print error to STDERR\n    echo \"error: The sandbox is not in sync with the Podfile.lock. Run 'pod install' or update your CocoaPods installation.\" >&2\n    exit 1\nfi\n# This output is used by Xcode 'outputs' to avoid re-running this script phase.\necho \"SUCCESS\" > \"${SCRIPT_OUTPUT_FILE_0}\"\n";
			showEnvVarsInLog = 0;
		};
/* End PBXShellScriptBuildPhase section */

/* Begin PBXSourcesBuildPhase section */
		E59681CC2322FF1400FDAED5 /* Sources */ = {
			isa = PBXSourcesBuildPhase;
			buildActionMask = 2147483647;
			files = (
				E59681E32322FF1500FDAED5 /* main.m in Sources */,
				E542C17A23479D9800FB612E /* Painting.m in Sources */,
				E586472B234D1E75007B47A9 /* PaintingCell.m in Sources */,
				E54B4DF9236C7A9A005A45E6 /* Grid.swift in Sources */,
				E555C2642345757900672C1E /* UIUtilities.m in Sources */,
				E5EF8B5523576C7700F3A301 /* AppDelegate.m in Sources */,
				E542C17D23479FB800FB612E /* PaintingViewController.m in Sources */,
				E542C1802347A6A000FB612E /* HomeViewController.m in Sources */,
				E555C2632345757900672C1E /* CameraViewController.m in Sources */,
				E555C2662345757900672C1E /* UIImage+VisionDetection.m in Sources */,
				E54B4DFB236C7C5E005A45E6 /* ARViewController.swift in Sources */,
			);
			runOnlyForDeploymentPostprocessing = 0;
		};
		E59681E42322FF1500FDAED5 /* Sources */ = {
			isa = PBXSourcesBuildPhase;
			buildActionMask = 2147483647;
			files = (
				E59681ED2322FF1500FDAED5 /* TartAppTests.m in Sources */,
			);
			runOnlyForDeploymentPostprocessing = 0;
		};
		E59681EF2322FF1500FDAED5 /* Sources */ = {
			isa = PBXSourcesBuildPhase;
			buildActionMask = 2147483647;
			files = (
				E59681F82322FF1500FDAED5 /* TartAppUITests.m in Sources */,
			);
			runOnlyForDeploymentPostprocessing = 0;
		};
/* End PBXSourcesBuildPhase section */

/* Begin PBXTargetDependency section */
		E59681EA2322FF1500FDAED5 /* PBXTargetDependency */ = {
			isa = PBXTargetDependency;
			target = E59681CF2322FF1400FDAED5 /* TartApp */;
			targetProxy = E59681E92322FF1500FDAED5 /* PBXContainerItemProxy */;
		};
		E59681F52322FF1500FDAED5 /* PBXTargetDependency */ = {
			isa = PBXTargetDependency;
			target = E59681CF2322FF1400FDAED5 /* TartApp */;
			targetProxy = E59681F42322FF1500FDAED5 /* PBXContainerItemProxy */;
		};
/* End PBXTargetDependency section */

/* Begin PBXVariantGroup section */
		E59681D92322FF1400FDAED5 /* Main.storyboard */ = {
			isa = PBXVariantGroup;
			children = (
				E59681DA2322FF1400FDAED5 /* Base */,
			);
			name = Main.storyboard;
			sourceTree = "<group>";
		};
		E59681DE2322FF1500FDAED5 /* LaunchScreen.storyboard */ = {
			isa = PBXVariantGroup;
			children = (
				E59681DF2322FF1500FDAED5 /* Base */,
			);
			name = LaunchScreen.storyboard;
			sourceTree = "<group>";
		};
/* End PBXVariantGroup section */

/* Begin XCBuildConfiguration section */
		E59681FA2322FF1500FDAED5 /* Debug */ = {
			isa = XCBuildConfiguration;
			buildSettings = {
				ALWAYS_SEARCH_USER_PATHS = NO;
				CLANG_ANALYZER_NONNULL = YES;
				CLANG_ANALYZER_NUMBER_OBJECT_CONVERSION = YES_AGGRESSIVE;
				CLANG_CXX_LANGUAGE_STANDARD = "gnu++14";
				CLANG_CXX_LIBRARY = "libc++";
				CLANG_ENABLE_MODULES = YES;
				CLANG_ENABLE_OBJC_ARC = YES;
				CLANG_ENABLE_OBJC_WEAK = YES;
				CLANG_WARN_BLOCK_CAPTURE_AUTORELEASING = YES;
				CLANG_WARN_BOOL_CONVERSION = YES;
				CLANG_WARN_COMMA = YES;
				CLANG_WARN_CONSTANT_CONVERSION = YES;
				CLANG_WARN_DEPRECATED_OBJC_IMPLEMENTATIONS = YES;
				CLANG_WARN_DIRECT_OBJC_ISA_USAGE = YES_ERROR;
				CLANG_WARN_DOCUMENTATION_COMMENTS = YES;
				CLANG_WARN_EMPTY_BODY = YES;
				CLANG_WARN_ENUM_CONVERSION = YES;
				CLANG_WARN_INFINITE_RECURSION = YES;
				CLANG_WARN_INT_CONVERSION = YES;
				CLANG_WARN_NON_LITERAL_NULL_CONVERSION = YES;
				CLANG_WARN_OBJC_IMPLICIT_RETAIN_SELF = YES;
				CLANG_WARN_OBJC_LITERAL_CONVERSION = YES;
				CLANG_WARN_OBJC_ROOT_CLASS = YES_ERROR;
				CLANG_WARN_RANGE_LOOP_ANALYSIS = YES;
				CLANG_WARN_STRICT_PROTOTYPES = YES;
				CLANG_WARN_SUSPICIOUS_MOVE = YES;
				CLANG_WARN_UNGUARDED_AVAILABILITY = YES_AGGRESSIVE;
				CLANG_WARN_UNREACHABLE_CODE = YES;
				CLANG_WARN__DUPLICATE_METHOD_MATCH = YES;
				CODE_SIGN_IDENTITY = "iPhone Developer";
				COPY_PHASE_STRIP = NO;
				DEBUG_INFORMATION_FORMAT = dwarf;
				ENABLE_STRICT_OBJC_MSGSEND = YES;
				ENABLE_TESTABILITY = YES;
				GCC_C_LANGUAGE_STANDARD = gnu11;
				GCC_DYNAMIC_NO_PIC = NO;
				GCC_NO_COMMON_BLOCKS = YES;
				GCC_OPTIMIZATION_LEVEL = 0;
				GCC_PREPROCESSOR_DEFINITIONS = (
					"DEBUG=1",
					"$(inherited)",
				);
				GCC_WARN_64_TO_32_BIT_CONVERSION = YES;
				GCC_WARN_ABOUT_RETURN_TYPE = YES_ERROR;
				GCC_WARN_UNDECLARED_SELECTOR = YES;
				GCC_WARN_UNINITIALIZED_AUTOS = YES_AGGRESSIVE;
				GCC_WARN_UNUSED_FUNCTION = YES;
				GCC_WARN_UNUSED_VARIABLE = YES;
				IPHONEOS_DEPLOYMENT_TARGET = 12.4;
				MTL_ENABLE_DEBUG_INFO = INCLUDE_SOURCE;
				MTL_FAST_MATH = YES;
				ONLY_ACTIVE_ARCH = YES;
				SDKROOT = iphoneos;
			};
			name = Debug;
		};
		E59681FB2322FF1500FDAED5 /* Release */ = {
			isa = XCBuildConfiguration;
			buildSettings = {
				ALWAYS_SEARCH_USER_PATHS = NO;
				CLANG_ANALYZER_NONNULL = YES;
				CLANG_ANALYZER_NUMBER_OBJECT_CONVERSION = YES_AGGRESSIVE;
				CLANG_CXX_LANGUAGE_STANDARD = "gnu++14";
				CLANG_CXX_LIBRARY = "libc++";
				CLANG_ENABLE_MODULES = YES;
				CLANG_ENABLE_OBJC_ARC = YES;
				CLANG_ENABLE_OBJC_WEAK = YES;
				CLANG_WARN_BLOCK_CAPTURE_AUTORELEASING = YES;
				CLANG_WARN_BOOL_CONVERSION = YES;
				CLANG_WARN_COMMA = YES;
				CLANG_WARN_CONSTANT_CONVERSION = YES;
				CLANG_WARN_DEPRECATED_OBJC_IMPLEMENTATIONS = YES;
				CLANG_WARN_DIRECT_OBJC_ISA_USAGE = YES_ERROR;
				CLANG_WARN_DOCUMENTATION_COMMENTS = YES;
				CLANG_WARN_EMPTY_BODY = YES;
				CLANG_WARN_ENUM_CONVERSION = YES;
				CLANG_WARN_INFINITE_RECURSION = YES;
				CLANG_WARN_INT_CONVERSION = YES;
				CLANG_WARN_NON_LITERAL_NULL_CONVERSION = YES;
				CLANG_WARN_OBJC_IMPLICIT_RETAIN_SELF = YES;
				CLANG_WARN_OBJC_LITERAL_CONVERSION = YES;
				CLANG_WARN_OBJC_ROOT_CLASS = YES_ERROR;
				CLANG_WARN_RANGE_LOOP_ANALYSIS = YES;
				CLANG_WARN_STRICT_PROTOTYPES = YES;
				CLANG_WARN_SUSPICIOUS_MOVE = YES;
				CLANG_WARN_UNGUARDED_AVAILABILITY = YES_AGGRESSIVE;
				CLANG_WARN_UNREACHABLE_CODE = YES;
				CLANG_WARN__DUPLICATE_METHOD_MATCH = YES;
				CODE_SIGN_IDENTITY = "iPhone Developer";
				COPY_PHASE_STRIP = NO;
				DEBUG_INFORMATION_FORMAT = "dwarf-with-dsym";
				ENABLE_NS_ASSERTIONS = NO;
				ENABLE_STRICT_OBJC_MSGSEND = YES;
				GCC_C_LANGUAGE_STANDARD = gnu11;
				GCC_NO_COMMON_BLOCKS = YES;
				GCC_WARN_64_TO_32_BIT_CONVERSION = YES;
				GCC_WARN_ABOUT_RETURN_TYPE = YES_ERROR;
				GCC_WARN_UNDECLARED_SELECTOR = YES;
				GCC_WARN_UNINITIALIZED_AUTOS = YES_AGGRESSIVE;
				GCC_WARN_UNUSED_FUNCTION = YES;
				GCC_WARN_UNUSED_VARIABLE = YES;
				IPHONEOS_DEPLOYMENT_TARGET = 12.4;
				MTL_ENABLE_DEBUG_INFO = NO;
				MTL_FAST_MATH = YES;
				SDKROOT = iphoneos;
				VALIDATE_PRODUCT = YES;
			};
			name = Release;
		};
		E59681FD2322FF1500FDAED5 /* Debug */ = {
			isa = XCBuildConfiguration;
			baseConfigurationReference = 13FC82D2CB1D63AC23E91563 /* Pods-TartApp.debug.xcconfig */;
			buildSettings = {
				ASSETCATALOG_COMPILER_APPICON_NAME = AppIcon;
				CLANG_ENABLE_MODULES = YES;
				CODE_SIGN_STYLE = Automatic;
				DEFINES_MODULE = YES;
				DEVELOPMENT_TEAM = 7Q9GY43U39;
				GCC_PRECOMPILE_PREFIX_HEADER = YES;
				GCC_PREFIX_HEADER = "$(SRCROOT)/TartApp.pch";
				INFOPLIST_FILE = TartApp/Info.plist;
				LD_RUNPATH_SEARCH_PATHS = (
					"$(inherited)",
					"@executable_path/Frameworks",
				);
				PRODUCT_BUNDLE_IDENTIFIER = TartApp;
				PRODUCT_NAME = "$(TARGET_NAME)";
				SWIFT_OBJC_BRIDGING_HEADER = "TartApp/AR/TartApp-Bridging-Header.h";
				SWIFT_OPTIMIZATION_LEVEL = "-Onone";
				SWIFT_VERSION = 5.0;
				TARGETED_DEVICE_FAMILY = "1,2";
			};
			name = Debug;
		};
		E59681FE2322FF1500FDAED5 /* Release */ = {
			isa = XCBuildConfiguration;
			baseConfigurationReference = 7D29CA58961D58B417F0D807 /* Pods-TartApp.release.xcconfig */;
			buildSettings = {
				ASSETCATALOG_COMPILER_APPICON_NAME = AppIcon;
				CLANG_ENABLE_MODULES = YES;
				CODE_SIGN_STYLE = Automatic;
				DEFINES_MODULE = YES;
				DEVELOPMENT_TEAM = 7Q9GY43U39;
				GCC_PRECOMPILE_PREFIX_HEADER = YES;
				GCC_PREFIX_HEADER = "$(SRCROOT)/TartApp.pch";
				INFOPLIST_FILE = TartApp/Info.plist;
				LD_RUNPATH_SEARCH_PATHS = (
					"$(inherited)",
					"@executable_path/Frameworks",
				);
				PRODUCT_BUNDLE_IDENTIFIER = TartApp;
				PRODUCT_NAME = "$(TARGET_NAME)";
				SWIFT_OBJC_BRIDGING_HEADER = "TartApp/AR/TartApp-Bridging-Header.h";
				SWIFT_VERSION = 5.0;
				TARGETED_DEVICE_FAMILY = "1,2";
			};
			name = Release;
		};
		E59682002322FF1500FDAED5 /* Debug */ = {
			isa = XCBuildConfiguration;
			baseConfigurationReference = BC3FD83298568A0A26E68B21 /* Pods-TartAppTests.debug.xcconfig */;
			buildSettings = {
				ALWAYS_EMBED_SWIFT_STANDARD_LIBRARIES = YES;
				BUNDLE_LOADER = "$(TEST_HOST)";
				CODE_SIGN_STYLE = Automatic;
				INFOPLIST_FILE = TartAppTests/Info.plist;
				LD_RUNPATH_SEARCH_PATHS = (
					"$(inherited)",
					"@executable_path/Frameworks",
					"@loader_path/Frameworks",
				);
				PRODUCT_BUNDLE_IDENTIFIER = jordan.TartAppTests;
				PRODUCT_NAME = "$(TARGET_NAME)";
				TARGETED_DEVICE_FAMILY = "1,2";
				TEST_HOST = "$(BUILT_PRODUCTS_DIR)/TartApp.app/TartApp";
			};
			name = Debug;
		};
		E59682012322FF1500FDAED5 /* Release */ = {
			isa = XCBuildConfiguration;
			baseConfigurationReference = 11787CEF9BA3553FAE166740 /* Pods-TartAppTests.release.xcconfig */;
			buildSettings = {
				ALWAYS_EMBED_SWIFT_STANDARD_LIBRARIES = YES;
				BUNDLE_LOADER = "$(TEST_HOST)";
				CODE_SIGN_STYLE = Automatic;
				INFOPLIST_FILE = TartAppTests/Info.plist;
				LD_RUNPATH_SEARCH_PATHS = (
					"$(inherited)",
					"@executable_path/Frameworks",
					"@loader_path/Frameworks",
				);
				PRODUCT_BUNDLE_IDENTIFIER = jordan.TartAppTests;
				PRODUCT_NAME = "$(TARGET_NAME)";
				TARGETED_DEVICE_FAMILY = "1,2";
				TEST_HOST = "$(BUILT_PRODUCTS_DIR)/TartApp.app/TartApp";
			};
			name = Release;
		};
		E59682032322FF1500FDAED5 /* Debug */ = {
			isa = XCBuildConfiguration;
			baseConfigurationReference = E4911CBD145C048590CB2CC4 /* Pods-TartAppUITests.debug.xcconfig */;
			buildSettings = {
				ALWAYS_EMBED_SWIFT_STANDARD_LIBRARIES = YES;
				CODE_SIGN_STYLE = Automatic;
				INFOPLIST_FILE = TartAppUITests/Info.plist;
				LD_RUNPATH_SEARCH_PATHS = (
					"$(inherited)",
					"@executable_path/Frameworks",
					"@loader_path/Frameworks",
				);
				PRODUCT_BUNDLE_IDENTIFIER = jordan.TartAppUITests;
				PRODUCT_NAME = "$(TARGET_NAME)";
				TARGETED_DEVICE_FAMILY = "1,2";
				TEST_TARGET_NAME = TartApp;
			};
			name = Debug;
		};
		E59682042322FF1500FDAED5 /* Release */ = {
			isa = XCBuildConfiguration;
			baseConfigurationReference = 84443030E04D036DA906CB54 /* Pods-TartAppUITests.release.xcconfig */;
			buildSettings = {
				ALWAYS_EMBED_SWIFT_STANDARD_LIBRARIES = YES;
				CODE_SIGN_STYLE = Automatic;
				INFOPLIST_FILE = TartAppUITests/Info.plist;
				LD_RUNPATH_SEARCH_PATHS = (
					"$(inherited)",
					"@executable_path/Frameworks",
					"@loader_path/Frameworks",
				);
				PRODUCT_BUNDLE_IDENTIFIER = jordan.TartAppUITests;
				PRODUCT_NAME = "$(TARGET_NAME)";
				TARGETED_DEVICE_FAMILY = "1,2";
				TEST_TARGET_NAME = TartApp;
			};
			name = Release;
		};
/* End XCBuildConfiguration section */

/* Begin XCConfigurationList section */
		E59681CB2322FF1400FDAED5 /* Build configuration list for PBXProject "TartApp" */ = {
			isa = XCConfigurationList;
			buildConfigurations = (
				E59681FA2322FF1500FDAED5 /* Debug */,
				E59681FB2322FF1500FDAED5 /* Release */,
			);
			defaultConfigurationIsVisible = 0;
			defaultConfigurationName = Release;
		};
		E59681FC2322FF1500FDAED5 /* Build configuration list for PBXNativeTarget "TartApp" */ = {
			isa = XCConfigurationList;
			buildConfigurations = (
				E59681FD2322FF1500FDAED5 /* Debug */,
				E59681FE2322FF1500FDAED5 /* Release */,
			);
			defaultConfigurationIsVisible = 0;
			defaultConfigurationName = Release;
		};
		E59681FF2322FF1500FDAED5 /* Build configuration list for PBXNativeTarget "TartAppTests" */ = {
			isa = XCConfigurationList;
			buildConfigurations = (
				E59682002322FF1500FDAED5 /* Debug */,
				E59682012322FF1500FDAED5 /* Release */,
			);
			defaultConfigurationIsVisible = 0;
			defaultConfigurationName = Release;
		};
		E59682022322FF1500FDAED5 /* Build configuration list for PBXNativeTarget "TartAppUITests" */ = {
			isa = XCConfigurationList;
			buildConfigurations = (
				E59682032322FF1500FDAED5 /* Debug */,
				E59682042322FF1500FDAED5 /* Release */,
			);
			defaultConfigurationIsVisible = 0;
			defaultConfigurationName = Release;
		};
/* End XCConfigurationList section */
	};
	rootObject = E59681C82322FF1400FDAED5 /* Project object */;
}
